// !$*UTF8*$!
{
	archiveVersion = 1;
	classes = {
	};
	objectVersion = 50;
	objects = {

/* Begin PBXBuildFile section */
		45D73EBE236F33F000D0E086 /* AppDelegate.swift in Sources */ = {isa = PBXBuildFile; fileRef = 45D73EBD236F33F000D0E086 /* AppDelegate.swift */; };
		45D73EC0236F33F000D0E086 /* SceneDelegate.swift in Sources */ = {isa = PBXBuildFile; fileRef = 45D73EBF236F33F000D0E086 /* SceneDelegate.swift */; };
		45D73EC2236F33F000D0E086 /* ContentView.swift in Sources */ = {isa = PBXBuildFile; fileRef = 45D73EC1236F33F000D0E086 /* ContentView.swift */; };
		45D73EC4236F33F300D0E086 /* Assets.xcassets in Resources */ = {isa = PBXBuildFile; fileRef = 45D73EC3236F33F300D0E086 /* Assets.xcassets */; };
		45D73EC7236F33F300D0E086 /* Preview Assets.xcassets in Resources */ = {isa = PBXBuildFile; fileRef = 45D73EC6236F33F300D0E086 /* Preview Assets.xcassets */; };
		45D73ECA236F33F300D0E086 /* LaunchScreen.storyboard in Resources */ = {isa = PBXBuildFile; fileRef = 45D73EC8236F33F300D0E086 /* LaunchScreen.storyboard */; };
		45D73ED5236F33F300D0E086 /* FloatingActionButtonTests.swift in Sources */ = {isa = PBXBuildFile; fileRef = 45D73ED4236F33F300D0E086 /* FloatingActionButtonTests.swift */; };
		45D73EE0236F33F300D0E086 /* FloatingActionButtonUITests.swift in Sources */ = {isa = PBXBuildFile; fileRef = 45D73EDF236F33F300D0E086 /* FloatingActionButtonUITests.swift */; };
		45D73EEE236F342F00D0E086 /* FloatingMenu.swift in Sources */ = {isa = PBXBuildFile; fileRef = 45D73EED236F342F00D0E086 /* FloatingMenu.swift */; };
/* End PBXBuildFile section */

/* Begin PBXContainerItemProxy section */
		45D73ED1236F33F300D0E086 /* PBXContainerItemProxy */ = {
			isa = PBXContainerItemProxy;
			containerPortal = 45D73EB2236F33F000D0E086 /* Project object */;
			proxyType = 1;
			remoteGlobalIDString = 45D73EB9236F33F000D0E086;
			remoteInfo = FloatingActionButton;
		};
		45D73EDC236F33F300D0E086 /* PBXContainerItemProxy */ = {
			isa = PBXContainerItemProxy;
			containerPortal = 45D73EB2236F33F000D0E086 /* Project object */;
			proxyType = 1;
			remoteGlobalIDString = 45D73EB9236F33F000D0E086;
			remoteInfo = FloatingActionButton;
		};
/* End PBXContainerItemProxy section */

/* Begin PBXFileReference section */
		45D73EBA236F33F000D0E086 /* FloatingActionButton.app */ = {isa = PBXFileReference; explicitFileType = wrapper.application; includeInIndex = 0; path = FloatingActionButton.app; sourceTree = BUILT_PRODUCTS_DIR; };
		45D73EBD236F33F000D0E086 /* AppDelegate.swift */ = {isa = PBXFileReference; lastKnownFileType = sourcecode.swift; path = AppDelegate.swift; sourceTree = "<group>"; };
		45D73EBF236F33F000D0E086 /* SceneDelegate.swift */ = {isa = PBXFileReference; lastKnownFileType = sourcecode.swift; path = SceneDelegate.swift; sourceTree = "<group>"; };
		45D73EC1236F33F000D0E086 /* ContentView.swift */ = {isa = PBXFileReference; lastKnownFileType = sourcecode.swift; path = ContentView.swift; sourceTree = "<group>"; };
		45D73EC3236F33F300D0E086 /* Assets.xcassets */ = {isa = PBXFileReference; lastKnownFileType = folder.assetcatalog; path = Assets.xcassets; sourceTree = "<group>"; };
		45D73EC6236F33F300D0E086 /* Preview Assets.xcassets */ = {isa = PBXFileReference; lastKnownFileType = folder.assetcatalog; path = "Preview Assets.xcassets"; sourceTree = "<group>"; };
		45D73EC9236F33F300D0E086 /* Base */ = {isa = PBXFileReference; lastKnownFileType = file.storyboard; name = Base; path = Base.lproj/LaunchScreen.storyboard; sourceTree = "<group>"; };
		45D73ECB236F33F300D0E086 /* Info.plist */ = {isa = PBXFileReference; lastKnownFileType = text.plist.xml; path = Info.plist; sourceTree = "<group>"; };
		45D73ED0236F33F300D0E086 /* FloatingActionButtonTests.xctest */ = {isa = PBXFileReference; explicitFileType = wrapper.cfbundle; includeInIndex = 0; path = FloatingActionButtonTests.xctest; sourceTree = BUILT_PRODUCTS_DIR; };
		45D73ED4236F33F300D0E086 /* FloatingActionButtonTests.swift */ = {isa = PBXFileReference; lastKnownFileType = sourcecode.swift; path = FloatingActionButtonTests.swift; sourceTree = "<group>"; };
		45D73ED6236F33F300D0E086 /* Info.plist */ = {isa = PBXFileReference; lastKnownFileType = text.plist.xml; path = Info.plist; sourceTree = "<group>"; };
		45D73EDB236F33F300D0E086 /* FloatingActionButtonUITests.xctest */ = {isa = PBXFileReference; explicitFileType = wrapper.cfbundle; includeInIndex = 0; path = FloatingActionButtonUITests.xctest; sourceTree = BUILT_PRODUCTS_DIR; };
		45D73EDF236F33F300D0E086 /* FloatingActionButtonUITests.swift */ = {isa = PBXFileReference; lastKnownFileType = sourcecode.swift; path = FloatingActionButtonUITests.swift; sourceTree = "<group>"; };
		45D73EE1236F33F300D0E086 /* Info.plist */ = {isa = PBXFileReference; lastKnownFileType = text.plist.xml; path = Info.plist; sourceTree = "<group>"; };
		45D73EED236F342F00D0E086 /* FloatingMenu.swift */ = {isa = PBXFileReference; lastKnownFileType = sourcecode.swift; path = FloatingMenu.swift; sourceTree = "<group>"; };
/* End PBXFileReference section */

/* Begin PBXFrameworksBuildPhase section */
		45D73EB7236F33F000D0E086 /* Frameworks */ = {
			isa = PBXFrameworksBuildPhase;
			buildActionMask = 2147483647;
			files = (
			);
			runOnlyForDeploymentPostprocessing = 0;
		};
		45D73ECD236F33F300D0E086 /* Frameworks */ = {
			isa = PBXFrameworksBuildPhase;
			buildActionMask = 2147483647;
			files = (
			);
			runOnlyForDeploymentPostprocessing = 0;
		};
		45D73ED8236F33F300D0E086 /* Frameworks */ = {
			isa = PBXFrameworksBuildPhase;
			buildActionMask = 2147483647;
			files = (
			);
			runOnlyForDeploymentPostprocessing = 0;
		};
/* End PBXFrameworksBuildPhase section */

/* Begin PBXGroup section */
		45D73EB1236F33F000D0E086 = {
			isa = PBXGroup;
			children = (
				45D73EBC236F33F000D0E086 /* FloatingActionButton */,
				45D73ED3236F33F300D0E086 /* FloatingActionButtonTests */,
				45D73EDE236F33F300D0E086 /* FloatingActionButtonUITests */,
				45D73EBB236F33F000D0E086 /* Products */,
			);
			sourceTree = "<group>";
		};
		45D73EBB236F33F000D0E086 /* Products */ = {
			isa = PBXGroup;
			children = (
				45D73EBA236F33F000D0E086 /* FloatingActionButton.app */,
				45D73ED0236F33F300D0E086 /* FloatingActionButtonTests.xctest */,
				45D73EDB236F33F300D0E086 /* FloatingActionButtonUITests.xctest */,
			);
			name = Products;
			sourceTree = "<group>";
		};
		45D73EBC236F33F000D0E086 /* FloatingActionButton */ = {
			isa = PBXGroup;
			children = (
				45D73EBD236F33F000D0E086 /* AppDelegate.swift */,
				45D73EBF236F33F000D0E086 /* SceneDelegate.swift */,
				45D73EC1236F33F000D0E086 /* ContentView.swift */,
				45D73EED236F342F00D0E086 /* FloatingMenu.swift */,
				45D73EC3236F33F300D0E086 /* Assets.xcassets */,
				45D73EC8236F33F300D0E086 /* LaunchScreen.storyboard */,
				45D73ECB236F33F300D0E086 /* Info.plist */,
				45D73EC5236F33F300D0E086 /* Preview Content */,
			);
			path = FloatingActionButton;
			sourceTree = "<group>";
		};
		45D73EC5236F33F300D0E086 /* Preview Content */ = {
			isa = PBXGroup;
			children = (
				45D73EC6236F33F300D0E086 /* Preview Assets.xcassets */,
			);
			path = "Preview Content";
			sourceTree = "<group>";
		};
		45D73ED3236F33F300D0E086 /* FloatingActionButtonTests */ = {
			isa = PBXGroup;
			children = (
				45D73ED4236F33F300D0E086 /* FloatingActionButtonTests.swift */,
				45D73ED6236F33F300D0E086 /* Info.plist */,
			);
			path = FloatingActionButtonTests;
			sourceTree = "<group>";
		};
		45D73EDE236F33F300D0E086 /* FloatingActionButtonUITests */ = {
			isa = PBXGroup;
			children = (
				45D73EDF236F33F300D0E086 /* FloatingActionButtonUITests.swift */,
				45D73EE1236F33F300D0E086 /* Info.plist */,
			);
			path = FloatingActionButtonUITests;
			sourceTree = "<group>";
		};
/* End PBXGroup section */

/* Begin PBXNativeTarget section */
		45D73EB9236F33F000D0E086 /* FloatingActionButton */ = {
			isa = PBXNativeTarget;
			buildConfigurationList = 45D73EE4236F33F300D0E086 /* Build configuration list for PBXNativeTarget "FloatingActionButton" */;
			buildPhases = (
				45D73EB6236F33F000D0E086 /* Sources */,
				45D73EB7236F33F000D0E086 /* Frameworks */,
				45D73EB8236F33F000D0E086 /* Resources */,
			);
			buildRules = (
			);
			dependencies = (
			);
			name = FloatingActionButton;
			productName = FloatingActionButton;
			productReference = 45D73EBA236F33F000D0E086 /* FloatingActionButton.app */;
			productType = "com.apple.product-type.application";
		};
		45D73ECF236F33F300D0E086 /* FloatingActionButtonTests */ = {
			isa = PBXNativeTarget;
			buildConfigurationList = 45D73EE7236F33F300D0E086 /* Build configuration list for PBXNativeTarget "FloatingActionButtonTests" */;
			buildPhases = (
				45D73ECC236F33F300D0E086 /* Sources */,
				45D73ECD236F33F300D0E086 /* Frameworks */,
				45D73ECE236F33F300D0E086 /* Resources */,
			);
			buildRules = (
			);
			dependencies = (
				45D73ED2236F33F300D0E086 /* PBXTargetDependency */,
			);
			name = FloatingActionButtonTests;
			productName = FloatingActionButtonTests;
			productReference = 45D73ED0236F33F300D0E086 /* FloatingActionButtonTests.xctest */;
			productType = "com.apple.product-type.bundle.unit-test";
		};
		45D73EDA236F33F300D0E086 /* FloatingActionButtonUITests */ = {
			isa = PBXNativeTarget;
			buildConfigurationList = 45D73EEA236F33F300D0E086 /* Build configuration list for PBXNativeTarget "FloatingActionButtonUITests" */;
			buildPhases = (
				45D73ED7236F33F300D0E086 /* Sources */,
				45D73ED8236F33F300D0E086 /* Frameworks */,
				45D73ED9236F33F300D0E086 /* Resources */,
			);
			buildRules = (
			);
			dependencies = (
				45D73EDD236F33F300D0E086 /* PBXTargetDependency */,
			);
			name = FloatingActionButtonUITests;
			productName = FloatingActionButtonUITests;
			productReference = 45D73EDB236F33F300D0E086 /* FloatingActionButtonUITests.xctest */;
			productType = "com.apple.product-type.bundle.ui-testing";
		};
/* End PBXNativeTarget section */

/* Begin PBXProject section */
		45D73EB2236F33F000D0E086 /* Project object */ = {
			isa = PBXProject;
			attributes = {
				LastSwiftUpdateCheck = 1110;
				LastUpgradeCheck = 1110;
				ORGANIZATIONNAME = "Andreas Schultz";
				TargetAttributes = {
					45D73EB9236F33F000D0E086 = {
						CreatedOnToolsVersion = 11.1;
					};
					45D73ECF236F33F300D0E086 = {
						CreatedOnToolsVersion = 11.1;
						TestTargetID = 45D73EB9236F33F000D0E086;
					};
					45D73EDA236F33F300D0E086 = {
						CreatedOnToolsVersion = 11.1;
						TestTargetID = 45D73EB9236F33F000D0E086;
					};
				};
			};
			buildConfigurationList = 45D73EB5236F33F000D0E086 /* Build configuration list for PBXProject "FloatingActionButton" */;
			compatibilityVersion = "Xcode 9.3";
			developmentRegion = en;
			hasScannedForEncodings = 0;
			knownRegions = (
				en,
				Base,
			);
			mainGroup = 45D73EB1236F33F000D0E086;
			productRefGroup = 45D73EBB236F33F000D0E086 /* Products */;
			projectDirPath = "";
			projectRoot = "";
			targets = (
				45D73EB9236F33F000D0E086 /* FloatingActionButton */,
				45D73ECF236F33F300D0E086 /* FloatingActionButtonTests */,
				45D73EDA236F33F300D0E086 /* FloatingActionButtonUITests */,
			);
		};
/* End PBXProject section */

/* Begin PBXResourcesBuildPhase section */
		45D73EB8236F33F000D0E086 /* Resources */ = {
			isa = PBXResourcesBuildPhase;
			buildActionMask = 2147483647;
			files = (
				45D73ECA236F33F300D0E086 /* LaunchScreen.storyboard in Resources */,
				45D73EC7236F33F300D0E086 /* Preview Assets.xcassets in Resources */,
				45D73EC4236F33F300D0E086 /* Assets.xcassets in Resources */,
			);
			runOnlyForDeploymentPostprocessing = 0;
		};
		45D73ECE236F33F300D0E086 /* Resources */ = {
			isa = PBXResourcesBuildPhase;
			buildActionMask = 2147483647;
			files = (
			);
			runOnlyForDeploymentPostprocessing = 0;
		};
		45D73ED9236F33F300D0E086 /* Resources */ = {
			isa = PBXResourcesBuildPhase;
			buildActionMask = 2147483647;
			files = (
			);
			runOnlyForDeploymentPostprocessing = 0;
		};
/* End PBXResourcesBuildPhase section */

/* Begin PBXSourcesBuildPhase section */
		45D73EB6236F33F000D0E086 /* Sources */ = {
			isa = PBXSourcesBuildPhase;
			buildActionMask = 2147483647;
			files = (
				45D73EBE236F33F000D0E086 /* AppDelegate.swift in Sources */,
				45D73EC0236F33F000D0E086 /* SceneDelegate.swift in Sources */,
				45D73EEE236F342F00D0E086 /* FloatingMenu.swift in Sources */,
				45D73EC2236F33F000D0E086 /* ContentView.swift in Sources */,
			);
			runOnlyForDeploymentPostprocessing = 0;
		};
		45D73ECC236F33F300D0E086 /* Sources */ = {
			isa = PBXSourcesBuildPhase;
			buildActionMask = 2147483647;
			files = (
				45D73ED5236F33F300D0E086 /* FloatingActionButtonTests.swift in Sources */,
			);
			runOnlyForDeploymentPostprocessing = 0;
		};
		45D73ED7236F33F300D0E086 /* Sources */ = {
			isa = PBXSourcesBuildPhase;
			buildActionMask = 2147483647;
			files = (
				45D73EE0236F33F300D0E086 /* FloatingActionButtonUITests.swift in Sources */,
			);
			runOnlyForDeploymentPostprocessing = 0;
		};
/* End PBXSourcesBuildPhase section */

/* Begin PBXTargetDependency section */
		45D73ED2236F33F300D0E086 /* PBXTargetDependency */ = {
			isa = PBXTargetDependency;
			target = 45D73EB9236F33F000D0E086 /* FloatingActionButton */;
			targetProxy = 45D73ED1236F33F300D0E086 /* PBXContainerItemProxy */;
		};
		45D73EDD236F33F300D0E086 /* PBXTargetDependency */ = {
			isa = PBXTargetDependency;
			target = 45D73EB9236F33F000D0E086 /* FloatingActionButton */;
			targetProxy = 45D73EDC236F33F300D0E086 /* PBXContainerItemProxy */;
		};
/* End PBXTargetDependency section */

/* Begin PBXVariantGroup section */
		45D73EC8236F33F300D0E086 /* LaunchScreen.storyboard */ = {
			isa = PBXVariantGroup;
			children = (
				45D73EC9236F33F300D0E086 /* Base */,
			);
			name = LaunchScreen.storyboard;
			sourceTree = "<group>";
		};
/* End PBXVariantGroup section */

/* Begin XCBuildConfiguration section */
		45D73EE2236F33F300D0E086 /* Debug */ = {
			isa = XCBuildConfiguration;
			buildSettings = {
				ALWAYS_SEARCH_USER_PATHS = NO;
				CLANG_ANALYZER_NONNULL = YES;
				CLANG_ANALYZER_NUMBER_OBJECT_CONVERSION = YES_AGGRESSIVE;
				CLANG_CXX_LANGUAGE_STANDARD = "gnu++14";
				CLANG_CXX_LIBRARY = "libc++";
				CLANG_ENABLE_MODULES = YES;
				CLANG_ENABLE_OBJC_ARC = YES;
				CLANG_ENABLE_OBJC_WEAK = YES;
				CLANG_WARN_BLOCK_CAPTURE_AUTORELEASING = YES;
				CLANG_WARN_BOOL_CONVERSION = YES;
				CLANG_WARN_COMMA = YES;
				CLANG_WARN_CONSTANT_CONVERSION = YES;
				CLANG_WARN_DEPRECATED_OBJC_IMPLEMENTATIONS = YES;
				CLANG_WARN_DIRECT_OBJC_ISA_USAGE = YES_ERROR;
				CLANG_WARN_DOCUMENTATION_COMMENTS = YES;
				CLANG_WARN_EMPTY_BODY = YES;
				CLANG_WARN_ENUM_CONVERSION = YES;
				CLANG_WARN_INFINITE_RECURSION = YES;
				CLANG_WARN_INT_CONVERSION = YES;
				CLANG_WARN_NON_LITERAL_NULL_CONVERSION = YES;
				CLANG_WARN_OBJC_IMPLICIT_RETAIN_SELF = YES;
				CLANG_WARN_OBJC_LITERAL_CONVERSION = YES;
				CLANG_WARN_OBJC_ROOT_CLASS = YES_ERROR;
				CLANG_WARN_RANGE_LOOP_ANALYSIS = YES;
				CLANG_WARN_STRICT_PROTOTYPES = YES;
				CLANG_WARN_SUSPICIOUS_MOVE = YES;
				CLANG_WARN_UNGUARDED_AVAILABILITY = YES_AGGRESSIVE;
				CLANG_WARN_UNREACHABLE_CODE = YES;
				CLANG_WARN__DUPLICATE_METHOD_MATCH = YES;
				COPY_PHASE_STRIP = NO;
				DEBUG_INFORMATION_FORMAT = dwarf;
				ENABLE_STRICT_OBJC_MSGSEND = YES;
				ENABLE_TESTABILITY = YES;
				GCC_C_LANGUAGE_STANDARD = gnu11;
				GCC_DYNAMIC_NO_PIC = NO;
				GCC_NO_COMMON_BLOCKS = YES;
				GCC_OPTIMIZATION_LEVEL = 0;
				GCC_PREPROCESSOR_DEFINITIONS = (
					"DEBUG=1",
					"$(inherited)",
				);
				GCC_WARN_64_TO_32_BIT_CONVERSION = YES;
				GCC_WARN_ABOUT_RETURN_TYPE = YES_ERROR;
				GCC_WARN_UNDECLARED_SELECTOR = YES;
				GCC_WARN_UNINITIALIZED_AUTOS = YES_AGGRESSIVE;
				GCC_WARN_UNUSED_FUNCTION = YES;
				GCC_WARN_UNUSED_VARIABLE = YES;
				IPHONEOS_DEPLOYMENT_TARGET = 13.1;
				MTL_ENABLE_DEBUG_INFO = INCLUDE_SOURCE;
				MTL_FAST_MATH = YES;
				ONLY_ACTIVE_ARCH = YES;
				SDKROOT = iphoneos;
				SWIFT_ACTIVE_COMPILATION_CONDITIONS = DEBUG;
				SWIFT_OPTIMIZATION_LEVEL = "-Onone";
			};
			name = Debug;
		};
		45D73EE3236F33F300D0E086 /* Release */ = {
			isa = XCBuildConfiguration;
			buildSettings = {
				ALWAYS_SEARCH_USER_PATHS = NO;
				CLANG_ANALYZER_NONNULL = YES;
				CLANG_ANALYZER_NUMBER_OBJECT_CONVERSION = YES_AGGRESSIVE;
				CLANG_CXX_LANGUAGE_STANDARD = "gnu++14";
				CLANG_CXX_LIBRARY = "libc++";
				CLANG_ENABLE_MODULES = YES;
				CLANG_ENABLE_OBJC_ARC = YES;
				CLANG_ENABLE_OBJC_WEAK = YES;
				CLANG_WARN_BLOCK_CAPTURE_AUTORELEASING = YES;
				CLANG_WARN_BOOL_CONVERSION = YES;
				CLANG_WARN_COMMA = YES;
				CLANG_WARN_CONSTANT_CONVERSION = YES;
				CLANG_WARN_DEPRECATED_OBJC_IMPLEMENTATIONS = YES;
				CLANG_WARN_DIRECT_OBJC_ISA_USAGE = YES_ERROR;
				CLANG_WARN_DOCUMENTATION_COMMENTS = YES;
				CLANG_WARN_EMPTY_BODY = YES;
				CLANG_WARN_ENUM_CONVERSION = YES;
				CLANG_WARN_INFINITE_RECURSION = YES;
				CLANG_WARN_INT_CONVERSION = YES;
				CLANG_WARN_NON_LITERAL_NULL_CONVERSION = YES;
				CLANG_WARN_OBJC_IMPLICIT_RETAIN_SELF = YES;
				CLANG_WARN_OBJC_LITERAL_CONVERSION = YES;
				CLANG_WARN_OBJC_ROOT_CLASS = YES_ERROR;
				CLANG_WARN_RANGE_LOOP_ANALYSIS = YES;
				CLANG_WARN_STRICT_PROTOTYPES = YES;
				CLANG_WARN_SUSPICIOUS_MOVE = YES;
				CLANG_WARN_UNGUARDED_AVAILABILITY = YES_AGGRESSIVE;
				CLANG_WARN_UNREACHABLE_CODE = YES;
				CLANG_WARN__DUPLICATE_METHOD_MATCH = YES;
				COPY_PHASE_STRIP = NO;
				DEBUG_INFORMATION_FORMAT = "dwarf-with-dsym";
				ENABLE_NS_ASSERTIONS = NO;
				ENABLE_STRICT_OBJC_MSGSEND = YES;
				GCC_C_LANGUAGE_STANDARD = gnu11;
				GCC_NO_COMMON_BLOCKS = YES;
				GCC_WARN_64_TO_32_BIT_CONVERSION = YES;
				GCC_WARN_ABOUT_RETURN_TYPE = YES_ERROR;
				GCC_WARN_UNDECLARED_SELECTOR = YES;
				GCC_WARN_UNINITIALIZED_AUTOS = YES_AGGRESSIVE;
				GCC_WARN_UNUSED_FUNCTION = YES;
				GCC_WARN_UNUSED_VARIABLE = YES;
				IPHONEOS_DEPLOYMENT_TARGET = 13.1;
				MTL_ENABLE_DEBUG_INFO = NO;
				MTL_FAST_MATH = YES;
				SDKROOT = iphoneos;
				SWIFT_COMPILATION_MODE = wholemodule;
				SWIFT_OPTIMIZATION_LEVEL = "-O";
				VALIDATE_PRODUCT = YES;
			};
			name = Release;
		};
		45D73EE5236F33F300D0E086 /* Debug */ = {
			isa = XCBuildConfiguration;
			buildSettings = {
				ASSETCATALOG_COMPILER_APPICON_NAME = AppIcon;
				CODE_SIGN_STYLE = Automatic;
				DEVELOPMENT_ASSET_PATHS = "\"FloatingActionButton/Preview Content\"";
				DEVELOPMENT_TEAM = Q5Q99Q7248;
				ENABLE_PREVIEWS = YES;
				INFOPLIST_FILE = FloatingActionButton/Info.plist;
				LD_RUNPATH_SEARCH_PATHS = (
					"$(inherited)",
					"@executable_path/Frameworks",
				);
				PRODUCT_BUNDLE_IDENTIFIER = com.andreasschultz.FloatingActionButton;
				PRODUCT_NAME = "$(TARGET_NAME)";
				SWIFT_VERSION = 5.0;
				TARGETED_DEVICE_FAMILY = "1,2";
			};
			name = Debug;
		};
		45D73EE6236F33F300D0E086 /* Release */ = {
			isa = XCBuildConfiguration;
			buildSettings = {
				ASSETCATALOG_COMPILER_APPICON_NAME = AppIcon;
				CODE_SIGN_STYLE = Automatic;
				DEVELOPMENT_ASSET_PATHS = "\"FloatingActionButton/Preview Content\"";
				DEVELOPMENT_TEAM = Q5Q99Q7248;
				ENABLE_PREVIEWS = YES;
				INFOPLIST_FILE = FloatingActionButton/Info.plist;
				LD_RUNPATH_SEARCH_PATHS = (
					"$(inherited)",
					"@executable_path/Frameworks",
				);
				PRODUCT_BUNDLE_IDENTIFIER = com.andreasschultz.FloatingActionButton;
				PRODUCT_NAME = "$(TARGET_NAME)";
				SWIFT_VERSION = 5.0;
				TARGETED_DEVICE_FAMILY = "1,2";
			};
			name = Release;
		};
		45D73EE8236F33F300D0E086 /* Debug */ = {
			isa = XCBuildConfiguration;
			buildSettings = {
				ALWAYS_EMBED_SWIFT_STANDARD_LIBRARIES = YES;
				BUNDLE_LOADER = "$(TEST_HOST)";
				CODE_SIGN_STYLE = Automatic;
				DEVELOPMENT_TEAM = Q5Q99Q7248;
				INFOPLIST_FILE = FloatingActionButtonTests/Info.plist;
				IPHONEOS_DEPLOYMENT_TARGET = 13.1;
				LD_RUNPATH_SEARCH_PATHS = (
					"$(inherited)",
					"@executable_path/Frameworks",
					"@loader_path/Frameworks",
				);
				PRODUCT_BUNDLE_IDENTIFIER = com.andreasschultz.FloatingActionButtonTests;
				PRODUCT_NAME = "$(TARGET_NAME)";
				SWIFT_VERSION = 5.0;
				TARGETED_DEVICE_FAMILY = "1,2";
				TEST_HOST = "$(BUILT_PRODUCTS_DIR)/FloatingActionButton.app/FloatingActionButton";
			};
			name = Debug;
		};
		45D73EE9236F33F300D0E086 /* Release */ = {
			isa = XCBuildConfiguration;
			buildSettings = {
				ALWAYS_EMBED_SWIFT_STANDARD_LIBRARIES = YES;
				BUNDLE_LOADER = "$(TEST_HOST)";
				CODE_SIGN_STYLE = Automatic;
				DEVELOPMENT_TEAM = Q5Q99Q7248;
				INFOPLIST_FILE = FloatingActionButtonTests/Info.plist;
				IPHONEOS_DEPLOYMENT_TARGET = 13.1;
				LD_RUNPATH_SEARCH_PATHS = (
					"$(inherited)",
					"@executable_path/Frameworks",
					"@loader_path/Frameworks",
				);
				PRODUCT_BUNDLE_IDENTIFIER = com.andreasschultz.FloatingActionButtonTests;
				PRODUCT_NAME = "$(TARGET_NAME)";
				SWIFT_VERSION = 5.0;
				TARGETED_DEVICE_FAMILY = "1,2";
				TEST_HOST = "$(BUILT_PRODUCTS_DIR)/FloatingActionButton.app/FloatingActionButton";
			};
			name = Release;
		};
		45D73EEB236F33F300D0E086 /* Debug */ = {
			isa = XCBuildConfiguration;
			buildSettings = {
				ALWAYS_EMBED_SWIFT_STANDARD_LIBRARIES = YES;
				CODE_SIGN_STYLE = Automatic;
				DEVELOPMENT_TEAM = Q5Q99Q7248;
				INFOPLIST_FILE = FloatingActionButtonUITests/Info.plist;
				LD_RUNPATH_SEARCH_PATHS = (
					"$(inherited)",
					"@executable_path/Frameworks",
					"@loader_path/Frameworks",
				);
				PRODUCT_BUNDLE_IDENTIFIER = com.andreasschultz.FloatingActionButtonUITests;
				PRODUCT_NAME = "$(TARGET_NAME)";
				SWIFT_VERSION = 5.0;
				TARGETED_DEVICE_FAMILY = "1,2";
				TEST_TARGET_NAME = FloatingActionButton;
			};
			name = Debug;
		};
		45D73EEC236F33F300D0E086 /* Release */ = {
			isa = XCBuildConfiguration;
			buildSettings = {
				ALWAYS_EMBED_SWIFT_STANDARD_LIBRARIES = YES;
				CODE_SIGN_STYLE = Automatic;
				DEVELOPMENT_TEAM = Q5Q99Q7248;
				INFOPLIST_FILE = FloatingActionButtonUITests/Info.plist;
				LD_RUNPATH_SEARCH_PATHS = (
					"$(inherited)",
					"@executable_path/Frameworks",
					"@loader_path/Frameworks",
				);
				PRODUCT_BUNDLE_IDENTIFIER = com.andreasschultz.FloatingActionButtonUITests;
				PRODUCT_NAME = "$(TARGET_NAME)";
				SWIFT_VERSION = 5.0;
				TARGETED_DEVICE_FAMILY = "1,2";
				TEST_TARGET_NAME = FloatingActionButton;
			};
			name = Release;
		};
/* End XCBuildConfiguration section */

/* Begin XCConfigurationList section */
		45D73EB5236F33F000D0E086 /* Build configuration list for PBXProject "FloatingActionButton" */ = {
			isa = XCConfigurationList;
			buildConfigurations = (
				45D73EE2236F33F300D0E086 /* Debug */,
				45D73EE3236F33F300D0E086 /* Release */,
			);
			defaultConfigurationIsVisible = 0;
			defaultConfigurationName = Release;
		};
		45D73EE4236F33F300D0E086 /* Build configuration list for PBXNativeTarget "FloatingActionButton" */ = {
			isa = XCConfigurationList;
			buildConfigurations = (
				45D73EE5236F33F300D0E086 /* Debug */,
				45D73EE6236F33F300D0E086 /* Release */,
			);
			defaultConfigurationIsVisible = 0;
			defaultConfigurationName = Release;
		};
		45D73EE7236F33F300D0E086 /* Build configuration list for PBXNativeTarget "FloatingActionButtonTests" */ = {
			isa = XCConfigurationList;
			buildConfigurations = (
				45D73EE8236F33F300D0E086 /* Debug */,
				45D73EE9236F33F300D0E086 /* Release */,
			);
			defaultConfigurationIsVisible = 0;
			defaultConfigurationName = Release;
		};
		45D73EEA236F33F300D0E086 /* Build configuration list for PBXNativeTarget "FloatingActionButtonUITests" */ = {
			isa = XCConfigurationList;
			buildConfigurations = (
				45D73EEB236F33F300D0E086 /* Debug */,
				45D73EEC236F33F300D0E086 /* Release */,
			);
			defaultConfigurationIsVisible = 0;
			defaultConfigurationName = Release;
		};
/* End XCConfigurationList section */
	};
	rootObject = 45D73EB2236F33F000D0E086 /* Project object */;
}
